
Microsoft Visual Studio Solution File, Format Version 12.00
# Visual Studio Version 17
VisualStudioVersion = 17.2.32519.379
MinimumVisualStudioVersion = 10.0.40219.1
Project("{FAE04EC0-301F-11D3-BF4B-00C04F79EFBC}") = "WaffleSolver", "WaffleSolver\WaffleSolver.csproj", "{DE14BC55-BE8A-43CD-B734-EAF414D64F4E}"
EndProject
Global
	GlobalSection(SolutionConfigurationPlatforms) = preSolution
		Debug|Any CPU = Debug|Any CPU
		Release|Any CPU = Release|Any CPU
	EndGlobalSection
	GlobalSection(ProjectConfigurationPlatforms) = postSolution
		{DE14BC55-BE8A-43CD-B734-EAF414D64F4E}.Debug|Any CPU.ActiveCfg = Debug|Any CPU
		{DE14BC55-BE8A-43CD-B734-EAF414D64F4E}.Debug|Any CPU.Build.0 = Debug|Any CPU
		{DE14BC55-BE8A-43CD-B734-EAF414D64F4E}.Release|Any CPU.ActiveCfg = Release|Any CPU
		{DE14BC55-BE8A-43CD-B734-EAF414D64F4E}.Release|Any CPU.Build.0 = Release|Any CPU
	EndGlobalSection
	GlobalSection(SolutionProperties) = preSolution
		HideSolutionNode = FALSE
	EndGlobalSection
	GlobalSection(ExtensibilityGlobals) = postSolution
		SolutionGuid = {83C0DBFD-174F-4D16-BD0E-419B2BBA4D1C}
	EndGlobalSection
EndGlobal
